// !$*UTF8*$!
{
	archiveVersion = 1;
	classes = {
	};
	objectVersion = 77;
	objects = {

/* Begin PBXBuildFile section */
		08F1A5C970AAC08017FFFCA9 /* PencilCaptureView.swift in Sources */ = {isa = PBXBuildFile; fileRef = D4D0131620241B7E169B782E /* PencilCaptureView.swift */; };
		27E7B860589BA4B9C1669003 /* UDPSender.swift in Sources */ = {isa = PBXBuildFile; fileRef = 5F7DDB8699E4073B938CB131 /* UDPSender.swift */; };
		52B0A5B7BF3FA204655481EF /* TabletBridgeApp.swift in Sources */ = {isa = PBXBuildFile; fileRef = D120A3E52BCFDA044A50434F /* TabletBridgeApp.swift */; };
		AAD131D3B4923B3FC9E590EC /* ContentView.swift in Sources */ = {isa = PBXBuildFile; fileRef = C38C6008AEB55D02FB38FA5F /* ContentView.swift */; };
/* End PBXBuildFile section */

/* Begin PBXFileReference section */
		5F7DDB8699E4073B938CB131 /* UDPSender.swift */ = {isa = PBXFileReference; lastKnownFileType = sourcecode.swift; path = UDPSender.swift; sourceTree = "<group>"; };
		7D4C06A34D9E87A026BD3F5E /* TabletBridge.app */ = {isa = PBXFileReference; explicitFileType = wrapper.application; includeInIndex = 0; path = TabletBridge.app; sourceTree = BUILT_PRODUCTS_DIR; };
		C38C6008AEB55D02FB38FA5F /* ContentView.swift */ = {isa = PBXFileReference; lastKnownFileType = sourcecode.swift; path = ContentView.swift; sourceTree = "<group>"; };
		D120A3E52BCFDA044A50434F /* TabletBridgeApp.swift */ = {isa = PBXFileReference; lastKnownFileType = sourcecode.swift; path = TabletBridgeApp.swift; sourceTree = "<group>"; };
		D4D0131620241B7E169B782E /* PencilCaptureView.swift */ = {isa = PBXFileReference; lastKnownFileType = sourcecode.swift; path = PencilCaptureView.swift; sourceTree = "<group>"; };
/* End PBXFileReference section */

/* Begin PBXGroup section */
		521D0F9CACAD43A4C008E48F /* Products */ = {
			isa = PBXGroup;
			children = (
				7D4C06A34D9E87A026BD3F5E /* TabletBridge.app */,
			);
			name = Products;
			sourceTree = "<group>";
		};
		B0FA05144784FEB6E6A9B61F = {
			isa = PBXGroup;
			children = (
				DC7B0760473DDBB49B35AB2B /* ipad */,
				521D0F9CACAD43A4C008E48F /* Products */,
			);
			sourceTree = "<group>";
		};
		DC7B0760473DDBB49B35AB2B /* ipad */ = {
			isa = PBXGroup;
			children = (
				C38C6008AEB55D02FB38FA5F /* ContentView.swift */,
				D4D0131620241B7E169B782E /* PencilCaptureView.swift */,
				D120A3E52BCFDA044A50434F /* TabletBridgeApp.swift */,
				5F7DDB8699E4073B938CB131 /* UDPSender.swift */,
			);
			name = ipad;
			path = .;
			sourceTree = "<group>";
		};
/* End PBXGroup section */

/* Begin PBXNativeTarget section */
		B9DC10AE7AFDA75A58050266 /* TabletBridge */ = {
			isa = PBXNativeTarget;
			buildConfigurationList = 16BFE9E337786C992FBA6958 /* Build configuration list for PBXNativeTarget "TabletBridge" */;
			buildPhases = (
				48CE7C25F27CEAC89D66F1DF /* Sources */,
			);
			buildRules = (
			);
			dependencies = (
			);
			name = TabletBridge;
			packageProductDependencies = (
			);
			productName = TabletBridge;
			productReference = 7D4C06A34D9E87A026BD3F5E /* TabletBridge.app */;
			productType = "com.apple.product-type.application";
		};
/* End PBXNativeTarget section */

/* Begin PBXProject section */
		2C5D8BC51C0EEA61CFB084F2 /* Project object */ = {
			isa = PBXProject;
			attributes = {
				BuildIndependentTargetsInParallel = YES;
				LastUpgradeCheck = 1430;
				TargetAttributes = {
					B9DC10AE7AFDA75A58050266 = {
						ProvisioningStyle = Automatic;
					};
				};
			};
			buildConfigurationList = D5BFFCEDE08F4B3A5A3CC5FC /* Build configuration list for PBXProject "TabletBridge" */;
			developmentRegion = en;
			hasScannedForEncodings = 0;
			knownRegions = (
				Base,
				en,
			);
			mainGroup = B0FA05144784FEB6E6A9B61F;
			minimizedProjectReferenceProxies = 1;
			preferredProjectObjectVersion = 77;
			productRefGroup = 521D0F9CACAD43A4C008E48F /* Products */;
			projectDirPath = "";
			projectRoot = "";
			targets = (
				B9DC10AE7AFDA75A58050266 /* TabletBridge */,
			);
		};
/* End PBXProject section */

/* Begin PBXSourcesBuildPhase section */
		48CE7C25F27CEAC89D66F1DF /* Sources */ = {
			isa = PBXSourcesBuildPhase;
			buildActionMask = 2147483647;
			files = (
				AAD131D3B4923B3FC9E590EC /* ContentView.swift in Sources */,
				08F1A5C970AAC08017FFFCA9 /* PencilCaptureView.swift in Sources */,
				52B0A5B7BF3FA204655481EF /* TabletBridgeApp.swift in Sources */,
				27E7B860589BA4B9C1669003 /* UDPSender.swift in Sources */,
			);
			runOnlyForDeploymentPostprocessing = 0;
		};
/* End PBXSourcesBuildPhase section */

/* Begin XCBuildConfiguration section */
		0BAC10676A76C93C2DE9D484 /* Release */ = {
			isa = XCBuildConfiguration;
			buildSettings = {
				ALWAYS_SEARCH_USER_PATHS = NO;
				CLANG_ANALYZER_NONNULL = YES;
				CLANG_ANALYZER_NUMBER_OBJECT_CONVERSION = YES_AGGRESSIVE;
				CLANG_CXX_LANGUAGE_STANDARD = "gnu++14";
				CLANG_CXX_LIBRARY = "libc++";
				CLANG_ENABLE_MODULES = YES;
				CLANG_ENABLE_OBJC_ARC = YES;
				CLANG_ENABLE_OBJC_WEAK = YES;
				CLANG_WARN_BLOCK_CAPTURE_AUTORELEASING = YES;
				CLANG_WARN_BOOL_CONVERSION = YES;
				CLANG_WARN_COMMA = YES;
				CLANG_WARN_CONSTANT_CONVERSION = YES;
				CLANG_WARN_DEPRECATED_OBJC_IMPLEMENTATIONS = YES;
				CLANG_WARN_DIRECT_OBJC_ISA_USAGE = YES_ERROR;
				CLANG_WARN_DOCUMENTATION_COMMENTS = YES;
				CLANG_WARN_EMPTY_BODY = YES;
				CLANG_WARN_ENUM_CONVERSION = YES;
				CLANG_WARN_INFINITE_RECURSION = YES;
				CLANG_WARN_INT_CONVERSION = YES;
				CLANG_WARN_NON_LITERAL_NULL_CONVERSION = YES;
				CLANG_WARN_OBJC_IMPLICIT_RETAIN_SELF = YES;
				CLANG_WARN_OBJC_LITERAL_CONVERSION = YES;
				CLANG_WARN_OBJC_ROOT_CLASS = YES_ERROR;
				CLANG_WARN_QUOTED_INCLUDE_IN_FRAMEWORK_HEADER = YES;
				CLANG_WARN_RANGE_LOOP_ANALYSIS = YES;
				CLANG_WARN_STRICT_PROTOTYPES = YES;
				CLANG_WARN_SUSPICIOUS_MOVE = YES;
				CLANG_WARN_UNGUARDED_AVAILABILITY = YES_AGGRESSIVE;
				CLANG_WARN_UNREACHABLE_CODE = YES;
				CLANG_WARN__DUPLICATE_METHOD_MATCH = YES;
				COPY_PHASE_STRIP = NO;
				DEBUG_INFORMATION_FORMAT = "dwarf-with-dsym";
				ENABLE_NS_ASSERTIONS = NO;
				ENABLE_STRICT_OBJC_MSGSEND = YES;
				GCC_C_LANGUAGE_STANDARD = gnu11;
				GCC_NO_COMMON_BLOCKS = YES;
				GCC_WARN_64_TO_32_BIT_CONVERSION = YES;
				GCC_WARN_ABOUT_RETURN_TYPE = YES_ERROR;
				GCC_WARN_UNDECLARED_SELECTOR = YES;
				GCC_WARN_UNINITIALIZED_AUTOS = YES_AGGRESSIVE;
				GCC_WARN_UNUSED_FUNCTION = YES;
				GCC_WARN_UNUSED_VARIABLE = YES;
				IPHONEOS_DEPLOYMENT_TARGET = 15.0;
				MTL_ENABLE_DEBUG_INFO = NO;
				MTL_FAST_MATH = YES;
				PRODUCT_NAME = "$(TARGET_NAME)";
				SDKROOT = iphoneos;
				SWIFT_COMPILATION_MODE = wholemodule;
				SWIFT_OPTIMIZATION_LEVEL = "-O";
				SWIFT_VERSION = 5.0;
			};
			name = Release;
		};
		398F24760F5207E1D742214A /* Release */ = {
			isa = XCBuildConfiguration;
			buildSettings = {
				ASSETCATALOG_COMPILER_APPICON_NAME = AppIcon;
				CODE_SIGN_IDENTITY = "iPhone Developer";
				CODE_SIGN_STYLE = Automatic;
				CURRENT_PROJECT_VERSION = 1;
				DEVELOPMENT_TEAM = L9DG84D54H;
				GENERATE_INFOPLIST_FILE = YES;
				INFOPLIST_KEY_NSLocalNetworkUsageDescription = "Sends Apple Pencil position and force to your PC.";
				INFOPLIST_KEY_UILaunchScreen_Generation = YES;
				INFOPLIST_KEY_UISupportedInterfaceOrientations = "UIInterfaceOrientationLandscapeLeft UIInterfaceOrientationLandscapeRight UIInterfaceOrientationPortrait UIInterfaceOrientationPortraitUpsideDown";
				LD_RUNPATH_SEARCH_PATHS = (
					"$(inherited)",
					"@executable_path/Frameworks",
				);
				MARKETING_VERSION = 1.0;
				PRODUCT_BUNDLE_IDENTIFIER = com.example.tabletbridge;
				SDKROOT = iphoneos;
				TARGETED_DEVICE_FAMILY = 2;
			};
			name = Release;
		};
		7E3A11F12E43980C76931006 /* Debug */ = {
			isa = XCBuildConfiguration;
			buildSettings = {
				ALWAYS_SEARCH_USER_PATHS = NO;
				CLANG_ANALYZER_NONNULL = YES;
				CLANG_ANALYZER_NUMBER_OBJECT_CONVERSION = YES_AGGRESSIVE;
				CLANG_CXX_LANGUAGE_STANDARD = "gnu++14";
				CLANG_CXX_LIBRARY = "libc++";
				CLANG_ENABLE_MODULES = YES;
				CLANG_ENABLE_OBJC_ARC = YES;
				CLANG_ENABLE_OBJC_WEAK = YES;
				CLANG_WARN_BLOCK_CAPTURE_AUTORELEASING = YES;
				CLANG_WARN_BOOL_CONVERSION = YES;
				CLANG_WARN_COMMA = YES;
				CLANG_WARN_CONSTANT_CONVERSION = YES;
				CLANG_WARN_DEPRECATED_OBJC_IMPLEMENTATIONS = YES;
				CLANG_WARN_DIRECT_OBJC_ISA_USAGE = YES_ERROR;
				CLANG_WARN_DOCUMENTATION_COMMENTS = YES;
				CLANG_WARN_EMPTY_BODY = YES;
				CLANG_WARN_ENUM_CONVERSION = YES;
				CLANG_WARN_INFINITE_RECURSION = YES;
				CLANG_WARN_INT_CONVERSION = YES;
				CLANG_WARN_NON_LITERAL_NULL_CONVERSION = YES;
				CLANG_WARN_OBJC_IMPLICIT_RETAIN_SELF = YES;
				CLANG_WARN_OBJC_LITERAL_CONVERSION = YES;
				CLANG_WARN_OBJC_ROOT_CLASS = YES_ERROR;
				CLANG_WARN_QUOTED_INCLUDE_IN_FRAMEWORK_HEADER = YES;
				CLANG_WARN_RANGE_LOOP_ANALYSIS = YES;
				CLANG_WARN_STRICT_PROTOTYPES = YES;
				CLANG_WARN_SUSPICIOUS_MOVE = YES;
				CLANG_WARN_UNGUARDED_AVAILABILITY = YES_AGGRESSIVE;
				CLANG_WARN_UNREACHABLE_CODE = YES;
				CLANG_WARN__DUPLICATE_METHOD_MATCH = YES;
				COPY_PHASE_STRIP = NO;
				DEBUG_INFORMATION_FORMAT = dwarf;
				ENABLE_STRICT_OBJC_MSGSEND = YES;
				ENABLE_TESTABILITY = YES;
				GCC_C_LANGUAGE_STANDARD = gnu11;
				GCC_DYNAMIC_NO_PIC = NO;
				GCC_NO_COMMON_BLOCKS = YES;
				GCC_OPTIMIZATION_LEVEL = 0;
				GCC_PREPROCESSOR_DEFINITIONS = (
					"$(inherited)",
					"DEBUG=1",
				);
				GCC_WARN_64_TO_32_BIT_CONVERSION = YES;
				GCC_WARN_ABOUT_RETURN_TYPE = YES_ERROR;
				GCC_WARN_UNDECLARED_SELECTOR = YES;
				GCC_WARN_UNINITIALIZED_AUTOS = YES_AGGRESSIVE;
				GCC_WARN_UNUSED_FUNCTION = YES;
				GCC_WARN_UNUSED_VARIABLE = YES;
				IPHONEOS_DEPLOYMENT_TARGET = 15.0;
				MTL_ENABLE_DEBUG_INFO = INCLUDE_SOURCE;
				MTL_FAST_MATH = YES;
				ONLY_ACTIVE_ARCH = YES;
				PRODUCT_NAME = "$(TARGET_NAME)";
				SDKROOT = iphoneos;
				SWIFT_ACTIVE_COMPILATION_CONDITIONS = DEBUG;
				SWIFT_OPTIMIZATION_LEVEL = "-Onone";
				SWIFT_VERSION = 5.0;
			};
			name = Debug;
		};
		C959BF6E360EF90A4CD118E6 /* Debug */ = {
			isa = XCBuildConfiguration;
			buildSettings = {
				ASSETCATALOG_COMPILER_APPICON_NAME = AppIcon;
				CODE_SIGN_IDENTITY = "iPhone Developer";
				CODE_SIGN_STYLE = Automatic;
				CURRENT_PROJECT_VERSION = 1;
				DEVELOPMENT_TEAM = L9DG84D54H;
				GENERATE_INFOPLIST_FILE = YES;
				INFOPLIST_KEY_NSLocalNetworkUsageDescription = "Sends Apple Pencil position and force to your PC.";
				INFOPLIST_KEY_UILaunchScreen_Generation = YES;
				INFOPLIST_KEY_UISupportedInterfaceOrientations = "UIInterfaceOrientationLandscapeLeft UIInterfaceOrientationLandscapeRight UIInterfaceOrientationPortrait UIInterfaceOrientationPortraitUpsideDown";
				LD_RUNPATH_SEARCH_PATHS = (
					"$(inherited)",
					"@executable_path/Frameworks",
				);
				MARKETING_VERSION = 1.0;
				PRODUCT_BUNDLE_IDENTIFIER = com.example.tabletbridge;
				SDKROOT = iphoneos;
				TARGETED_DEVICE_FAMILY = 2;
			};
			name = Debug;
		};
/* End XCBuildConfiguration section */

/* Begin XCConfigurationList section */
		16BFE9E337786C992FBA6958 /* Build configuration list for PBXNativeTarget "TabletBridge" */ = {
			isa = XCConfigurationList;
			buildConfigurations = (
				C959BF6E360EF90A4CD118E6 /* Debug */,
				398F24760F5207E1D742214A /* Release */,
			);
			defaultConfigurationIsVisible = 0;
			defaultConfigurationName = Debug;
		};
		D5BFFCEDE08F4B3A5A3CC5FC /* Build configuration list for PBXProject "TabletBridge" */ = {
			isa = XCConfigurationList;
			buildConfigurations = (
				7E3A11F12E43980C76931006 /* Debug */,
				0BAC10676A76C93C2DE9D484 /* Release */,
			);
			defaultConfigurationIsVisible = 0;
			defaultConfigurationName = Debug;
		};
/* End XCConfigurationList section */
	};
	rootObject = 2C5D8BC51C0EEA61CFB084F2 /* Project object */;
}
